
Microsoft Visual Studio Solution File, Format Version 12.00
# Visual Studio 2012
Project("{f2a71f9b-5d33-465a-a702-920d77279786}") = "Modularization", "Modularization\Modularization.fsproj", "{F1A8AF82-613D-4CAA-BAF8-965EA60A45AD}"
EndProject
Global
	GlobalSection(SolutionConfigurationPlatforms) = preSolution
		Debug|x86 = Debug|x86
		Release|x86 = Release|x86
	EndGlobalSection
	GlobalSection(ProjectConfigurationPlatforms) = postSolution
		{F1A8AF82-613D-4CAA-BAF8-965EA60A45AD}.Debug|x86.ActiveCfg = Debug|x86
		{F1A8AF82-613D-4CAA-BAF8-965EA60A45AD}.Debug|x86.Build.0 = Debug|x86
		{F1A8AF82-613D-4CAA-BAF8-965EA60A45AD}.Release|x86.ActiveCfg = Release|x86
		{F1A8AF82-613D-4CAA-BAF8-965EA60A45AD}.Release|x86.Build.0 = Release|x86
	EndGlobalSection
EndGlobal
